// !$*UTF8*$!
{
	archiveVersion = 1;
	classes = {
	};
	objectVersion = 77;
	objects = {

/* Begin PBXBuildFile section */
		E94D6E782E11F01700CD2658 /* README.md in Resources */ = {isa = PBXBuildFile; fileRef = E94D6E772E11F01000CD2658 /* README.md */; };
/* End PBXBuildFile section */

/* Begin PBXContainerItemProxy section */
		E94D6E592E11EE9E00CD2658 /* PBXContainerItemProxy */ = {
			isa = PBXContainerItemProxy;
			containerPortal = E94D6E402E11EE9C00CD2658 /* Project object */;
			proxyType = 1;
			remoteGlobalIDString = E94D6E472E11EE9D00CD2658;
			remoteInfo = Taplist;
		};
		E94D6E632E11EE9E00CD2658 /* PBXContainerItemProxy */ = {
			isa = PBXContainerItemProxy;
			containerPortal = E94D6E402E11EE9C00CD2658 /* Project object */;
			proxyType = 1;
			remoteGlobalIDString = E94D6E472E11EE9D00CD2658;
			remoteInfo = Taplist;
		};
/* End PBXContainerItemProxy section */

/* Begin PBXFileReference section */
		E94D6E482E11EE9D00CD2658 /* Taplist.app */ = {isa = PBXFileReference; explicitFileType = wrapper.application; includeInIndex = 0; path = Taplist.app; sourceTree = BUILT_PRODUCTS_DIR; };
		E94D6E582E11EE9E00CD2658 /* TaplistTests.xctest */ = {isa = PBXFileReference; explicitFileType = wrapper.cfbundle; includeInIndex = 0; path = TaplistTests.xctest; sourceTree = BUILT_PRODUCTS_DIR; };
		E94D6E622E11EE9E00CD2658 /* TaplistUITests.xctest */ = {isa = PBXFileReference; explicitFileType = wrapper.cfbundle; includeInIndex = 0; path = TaplistUITests.xctest; sourceTree = BUILT_PRODUCTS_DIR; };
		E94D6E772E11F01000CD2658 /* README.md */ = {isa = PBXFileReference; lastKnownFileType = net.daringfireball.markdown; path = README.md; sourceTree = "<group>"; };
/* End PBXFileReference section */

/* Begin PBXFileSystemSynchronizedRootGroup section */
		E94D6E4A2E11EE9D00CD2658 /* Taplist */ = {
			isa = PBXFileSystemSynchronizedRootGroup;
			path = Taplist;
			sourceTree = "<group>";
		};
		E94D6E5B2E11EE9E00CD2658 /* TaplistTests */ = {
			isa = PBXFileSystemSynchronizedRootGroup;
			path = TaplistTests;
			sourceTree = "<group>";
		};
		E94D6E652E11EE9E00CD2658 /* TaplistUITests */ = {
			isa = PBXFileSystemSynchronizedRootGroup;
			path = TaplistUITests;
			sourceTree = "<group>";
		};
/* End PBXFileSystemSynchronizedRootGroup section */

/* Begin PBXFrameworksBuildPhase section */
		E94D6E452E11EE9D00CD2658 /* Frameworks */ = {
			isa = PBXFrameworksBuildPhase;
			buildActionMask = 2147483647;
			files = (
			);
			runOnlyForDeploymentPostprocessing = 0;
		};
		E94D6E552E11EE9E00CD2658 /* Frameworks */ = {
			isa = PBXFrameworksBuildPhase;
			buildActionMask = 2147483647;
			files = (
			);
			runOnlyForDeploymentPostprocessing = 0;
		};
		E94D6E5F2E11EE9E00CD2658 /* Frameworks */ = {
			isa = PBXFrameworksBuildPhase;
			buildActionMask = 2147483647;
			files = (
			);
			runOnlyForDeploymentPostprocessing = 0;
		};
/* End PBXFrameworksBuildPhase section */

/* Begin PBXGroup section */
		E94D6E3F2E11EE9C00CD2658 = {
			isa = PBXGroup;
			children = (
				E94D6E772E11F01000CD2658 /* README.md */,
				E94D6E4A2E11EE9D00CD2658 /* Taplist */,
				E94D6E5B2E11EE9E00CD2658 /* TaplistTests */,
				E94D6E652E11EE9E00CD2658 /* TaplistUITests */,
				E94D6E492E11EE9D00CD2658 /* Products */,
			);
			sourceTree = "<group>";
		};
		E94D6E492E11EE9D00CD2658 /* Products */ = {
			isa = PBXGroup;
			children = (
				E94D6E482E11EE9D00CD2658 /* Taplist.app */,
				E94D6E582E11EE9E00CD2658 /* TaplistTests.xctest */,
				E94D6E622E11EE9E00CD2658 /* TaplistUITests.xctest */,
			);
			name = Products;
			sourceTree = "<group>";
		};
/* End PBXGroup section */

/* Begin PBXNativeTarget section */
		E94D6E472E11EE9D00CD2658 /* Taplist */ = {
			isa = PBXNativeTarget;
			buildConfigurationList = E94D6E6C2E11EE9E00CD2658 /* Build configuration list for PBXNativeTarget "Taplist" */;
			buildPhases = (
				E94D6E442E11EE9D00CD2658 /* Sources */,
				E94D6E452E11EE9D00CD2658 /* Frameworks */,
				E94D6E462E11EE9D00CD2658 /* Resources */,
			);
			buildRules = (
			);
			dependencies = (
			);
			fileSystemSynchronizedGroups = (
				E94D6E4A2E11EE9D00CD2658 /* Taplist */,
			);
			name = Taplist;
			packageProductDependencies = (
			);
			productName = Taplist;
			productReference = E94D6E482E11EE9D00CD2658 /* Taplist.app */;
			productType = "com.apple.product-type.application";
		};
		E94D6E572E11EE9E00CD2658 /* TaplistTests */ = {
			isa = PBXNativeTarget;
			buildConfigurationList = E94D6E6F2E11EE9E00CD2658 /* Build configuration list for PBXNativeTarget "TaplistTests" */;
			buildPhases = (
				E94D6E542E11EE9E00CD2658 /* Sources */,
				E94D6E552E11EE9E00CD2658 /* Frameworks */,
				E94D6E562E11EE9E00CD2658 /* Resources */,
			);
			buildRules = (
			);
			dependencies = (
				E94D6E5A2E11EE9E00CD2658 /* PBXTargetDependency */,
			);
			fileSystemSynchronizedGroups = (
				E94D6E5B2E11EE9E00CD2658 /* TaplistTests */,
			);
			name = TaplistTests;
			packageProductDependencies = (
			);
			productName = TaplistTests;
			productReference = E94D6E582E11EE9E00CD2658 /* TaplistTests.xctest */;
			productType = "com.apple.product-type.bundle.unit-test";
		};
		E94D6E612E11EE9E00CD2658 /* TaplistUITests */ = {
			isa = PBXNativeTarget;
			buildConfigurationList = E94D6E722E11EE9E00CD2658 /* Build configuration list for PBXNativeTarget "TaplistUITests" */;
			buildPhases = (
				E94D6E5E2E11EE9E00CD2658 /* Sources */,
				E94D6E5F2E11EE9E00CD2658 /* Frameworks */,
				E94D6E602E11EE9E00CD2658 /* Resources */,
			);
			buildRules = (
			);
			dependencies = (
				E94D6E642E11EE9E00CD2658 /* PBXTargetDependency */,
			);
			fileSystemSynchronizedGroups = (
				E94D6E652E11EE9E00CD2658 /* TaplistUITests */,
			);
			name = TaplistUITests;
			packageProductDependencies = (
			);
			productName = TaplistUITests;
			productReference = E94D6E622E11EE9E00CD2658 /* TaplistUITests.xctest */;
			productType = "com.apple.product-type.bundle.ui-testing";
		};
/* End PBXNativeTarget section */

/* Begin PBXProject section */
		E94D6E402E11EE9C00CD2658 /* Project object */ = {
			isa = PBXProject;
			attributes = {
				BuildIndependentTargetsInParallel = 1;
				LastSwiftUpdateCheck = 1620;
				LastUpgradeCheck = 1620;
				TargetAttributes = {
					E94D6E472E11EE9D00CD2658 = {
						CreatedOnToolsVersion = 16.2;
					};
					E94D6E572E11EE9E00CD2658 = {
						CreatedOnToolsVersion = 16.2;
						TestTargetID = E94D6E472E11EE9D00CD2658;
					};
					E94D6E612E11EE9E00CD2658 = {
						CreatedOnToolsVersion = 16.2;
						TestTargetID = E94D6E472E11EE9D00CD2658;
					};
				};
			};
			buildConfigurationList = E94D6E432E11EE9C00CD2658 /* Build configuration list for PBXProject "Taplist" */;
			developmentRegion = en;
			hasScannedForEncodings = 0;
			knownRegions = (
				en,
				Base,
			);
			mainGroup = E94D6E3F2E11EE9C00CD2658;
			minimizedProjectReferenceProxies = 1;
			preferredProjectObjectVersion = 77;
			productRefGroup = E94D6E492E11EE9D00CD2658 /* Products */;
			projectDirPath = "";
			projectRoot = "";
			targets = (
				E94D6E472E11EE9D00CD2658 /* Taplist */,
				E94D6E572E11EE9E00CD2658 /* TaplistTests */,
				E94D6E612E11EE9E00CD2658 /* TaplistUITests */,
			);
		};
/* End PBXProject section */

/* Begin PBXResourcesBuildPhase section */
		E94D6E462E11EE9D00CD2658 /* Resources */ = {
			isa = PBXResourcesBuildPhase;
			buildActionMask = 2147483647;
			files = (
				E94D6E782E11F01700CD2658 /* README.md in Resources */,
			);
			runOnlyForDeploymentPostprocessing = 0;
		};
		E94D6E562E11EE9E00CD2658 /* Resources */ = {
			isa = PBXResourcesBuildPhase;
			buildActionMask = 2147483647;
			files = (
			);
			runOnlyForDeploymentPostprocessing = 0;
		};
		E94D6E602E11EE9E00CD2658 /* Resources */ = {
			isa = PBXResourcesBuildPhase;
			buildActionMask = 2147483647;
			files = (
			);
			runOnlyForDeploymentPostprocessing = 0;
		};
/* End PBXResourcesBuildPhase section */

/* Begin PBXSourcesBuildPhase section */
		E94D6E442E11EE9D00CD2658 /* Sources */ = {
			isa = PBXSourcesBuildPhase;
			buildActionMask = 2147483647;
			files = (
			);
			runOnlyForDeploymentPostprocessing = 0;
		};
		E94D6E542E11EE9E00CD2658 /* Sources */ = {
			isa = PBXSourcesBuildPhase;
			buildActionMask = 2147483647;
			files = (
			);
			runOnlyForDeploymentPostprocessing = 0;
		};
		E94D6E5E2E11EE9E00CD2658 /* Sources */ = {
			isa = PBXSourcesBuildPhase;
			buildActionMask = 2147483647;
			files = (
			);
			runOnlyForDeploymentPostprocessing = 0;
		};
/* End PBXSourcesBuildPhase section */

/* Begin PBXTargetDependency section */
		E94D6E5A2E11EE9E00CD2658 /* PBXTargetDependency */ = {
			isa = PBXTargetDependency;
			target = E94D6E472E11EE9D00CD2658 /* Taplist */;
			targetProxy = E94D6E592E11EE9E00CD2658 /* PBXContainerItemProxy */;
		};
		E94D6E642E11EE9E00CD2658 /* PBXTargetDependency */ = {
			isa = PBXTargetDependency;
			target = E94D6E472E11EE9D00CD2658 /* Taplist */;
			targetProxy = E94D6E632E11EE9E00CD2658 /* PBXContainerItemProxy */;
		};
/* End PBXTargetDependency section */

/* Begin XCBuildConfiguration section */
		E94D6E6A2E11EE9E00CD2658 /* Debug */ = {
			isa = XCBuildConfiguration;
			buildSettings = {
				ALWAYS_SEARCH_USER_PATHS = NO;
				ASSETCATALOG_COMPILER_GENERATE_SWIFT_ASSET_SYMBOL_EXTENSIONS = YES;
				CLANG_ANALYZER_NONNULL = YES;
				CLANG_ANALYZER_NUMBER_OBJECT_CONVERSION = YES_AGGRESSIVE;
				CLANG_CXX_LANGUAGE_STANDARD = "gnu++20";
				CLANG_ENABLE_MODULES = YES;
				CLANG_ENABLE_OBJC_ARC = YES;
				CLANG_ENABLE_OBJC_WEAK = YES;
				CLANG_WARN_BLOCK_CAPTURE_AUTORELEASING = YES;
				CLANG_WARN_BOOL_CONVERSION = YES;
				CLANG_WARN_COMMA = YES;
				CLANG_WARN_CONSTANT_CONVERSION = YES;
				CLANG_WARN_DEPRECATED_OBJC_IMPLEMENTATIONS = YES;
				CLANG_WARN_DIRECT_OBJC_ISA_USAGE = YES_ERROR;
				CLANG_WARN_DOCUMENTATION_COMMENTS = YES;
				CLANG_WARN_EMPTY_BODY = YES;
				CLANG_WARN_ENUM_CONVERSION = YES;
				CLANG_WARN_INFINITE_RECURSION = YES;
				CLANG_WARN_INT_CONVERSION = YES;
				CLANG_WARN_NON_LITERAL_NULL_CONVERSION = YES;
				CLANG_WARN_OBJC_IMPLICIT_RETAIN_SELF = YES;
				CLANG_WARN_OBJC_LITERAL_CONVERSION = YES;
				CLANG_WARN_OBJC_ROOT_CLASS = YES_ERROR;
				CLANG_WARN_QUOTED_INCLUDE_IN_FRAMEWORK_HEADER = YES;
				CLANG_WARN_RANGE_LOOP_ANALYSIS = YES;
				CLANG_WARN_STRICT_PROTOTYPES = YES;
				CLANG_WARN_SUSPICIOUS_MOVE = YES;
				CLANG_WARN_UNGUARDED_AVAILABILITY = YES_AGGRESSIVE;
				CLANG_WARN_UNREACHABLE_CODE = YES;
				CLANG_WARN__DUPLICATE_METHOD_MATCH = YES;
				COPY_PHASE_STRIP = NO;
				DEBUG_INFORMATION_FORMAT = dwarf;
				ENABLE_STRICT_OBJC_MSGSEND = YES;
				ENABLE_TESTABILITY = YES;
				ENABLE_USER_SCRIPT_SANDBOXING = YES;
				GCC_C_LANGUAGE_STANDARD = gnu17;
				GCC_DYNAMIC_NO_PIC = NO;
				GCC_NO_COMMON_BLOCKS = YES;
				GCC_OPTIMIZATION_LEVEL = 0;
				GCC_PREPROCESSOR_DEFINITIONS = (
					"DEBUG=1",
					"$(inherited)",
				);
				GCC_WARN_64_TO_32_BIT_CONVERSION = YES;
				GCC_WARN_ABOUT_RETURN_TYPE = YES_ERROR;
				GCC_WARN_UNDECLARED_SELECTOR = YES;
				GCC_WARN_UNINITIALIZED_AUTOS = YES_AGGRESSIVE;
				GCC_WARN_UNUSED_FUNCTION = YES;
				GCC_WARN_UNUSED_VARIABLE = YES;
				IPHONEOS_DEPLOYMENT_TARGET = 18.2;
				LOCALIZATION_PREFERS_STRING_CATALOGS = YES;
				MTL_ENABLE_DEBUG_INFO = INCLUDE_SOURCE;
				MTL_FAST_MATH = YES;
				ONLY_ACTIVE_ARCH = YES;
				SDKROOT = iphoneos;
				SWIFT_ACTIVE_COMPILATION_CONDITIONS = "DEBUG $(inherited)";
				SWIFT_OPTIMIZATION_LEVEL = "-Onone";
			};
			name = Debug;
		};
		E94D6E6B2E11EE9E00CD2658 /* Release */ = {
			isa = XCBuildConfiguration;
			buildSettings = {
				ALWAYS_SEARCH_USER_PATHS = NO;
				ASSETCATALOG_COMPILER_GENERATE_SWIFT_ASSET_SYMBOL_EXTENSIONS = YES;
				CLANG_ANALYZER_NONNULL = YES;
				CLANG_ANALYZER_NUMBER_OBJECT_CONVERSION = YES_AGGRESSIVE;
				CLANG_CXX_LANGUAGE_STANDARD = "gnu++20";
				CLANG_ENABLE_MODULES = YES;
				CLANG_ENABLE_OBJC_ARC = YES;
				CLANG_ENABLE_OBJC_WEAK = YES;
				CLANG_WARN_BLOCK_CAPTURE_AUTORELEASING = YES;
				CLANG_WARN_BOOL_CONVERSION = YES;
				CLANG_WARN_COMMA = YES;
				CLANG_WARN_CONSTANT_CONVERSION = YES;
				CLANG_WARN_DEPRECATED_OBJC_IMPLEMENTATIONS = YES;
				CLANG_WARN_DIRECT_OBJC_ISA_USAGE = YES_ERROR;
				CLANG_WARN_DOCUMENTATION_COMMENTS = YES;
				CLANG_WARN_EMPTY_BODY = YES;
				CLANG_WARN_ENUM_CONVERSION = YES;
				CLANG_WARN_INFINITE_RECURSION = YES;
				CLANG_WARN_INT_CONVERSION = YES;
				CLANG_WARN_NON_LITERAL_NULL_CONVERSION = YES;
				CLANG_WARN_OBJC_IMPLICIT_RETAIN_SELF = YES;
				CLANG_WARN_OBJC_LITERAL_CONVERSION = YES;
				CLANG_WARN_OBJC_ROOT_CLASS = YES_ERROR;
				CLANG_WARN_QUOTED_INCLUDE_IN_FRAMEWORK_HEADER = YES;
				CLANG_WARN_RANGE_LOOP_ANALYSIS = YES;
				CLANG_WARN_STRICT_PROTOTYPES = YES;
				CLANG_WARN_SUSPICIOUS_MOVE = YES;
				CLANG_WARN_UNGUARDED_AVAILABILITY = YES_AGGRESSIVE;
				CLANG_WARN_UNREACHABLE_CODE = YES;
				CLANG_WARN__DUPLICATE_METHOD_MATCH = YES;
				COPY_PHASE_STRIP = NO;
				DEBUG_INFORMATION_FORMAT = "dwarf-with-dsym";
				ENABLE_NS_ASSERTIONS = NO;
				ENABLE_STRICT_OBJC_MSGSEND = YES;
				ENABLE_USER_SCRIPT_SANDBOXING = YES;
				GCC_C_LANGUAGE_STANDARD = gnu17;
				GCC_NO_COMMON_BLOCKS = YES;
				GCC_WARN_64_TO_32_BIT_CONVERSION = YES;
				GCC_WARN_ABOUT_RETURN_TYPE = YES_ERROR;
				GCC_WARN_UNDECLARED_SELECTOR = YES;
				GCC_WARN_UNINITIALIZED_AUTOS = YES_AGGRESSIVE;
				GCC_WARN_UNUSED_FUNCTION = YES;
				GCC_WARN_UNUSED_VARIABLE = YES;
				IPHONEOS_DEPLOYMENT_TARGET = 18.2;
				LOCALIZATION_PREFERS_STRING_CATALOGS = YES;
				MTL_ENABLE_DEBUG_INFO = NO;
				MTL_FAST_MATH = YES;
				SDKROOT = iphoneos;
				SWIFT_COMPILATION_MODE = wholemodule;
				VALIDATE_PRODUCT = YES;
			};
			name = Release;
		};
		E94D6E6D2E11EE9E00CD2658 /* Debug */ = {
			isa = XCBuildConfiguration;
			buildSettings = {
				ASSETCATALOG_COMPILER_APPICON_NAME = AppIcon;
				ASSETCATALOG_COMPILER_GLOBAL_ACCENT_COLOR_NAME = AccentColor;
				CODE_SIGN_STYLE = Automatic;
				CURRENT_PROJECT_VERSION = 1;
				DEVELOPMENT_ASSET_PATHS = "\"Taplist/Preview Content\"";
				DEVELOPMENT_TEAM = 622ZCXDBLB;
				ENABLE_PREVIEWS = YES;
				GENERATE_INFOPLIST_FILE = YES;
				INFOPLIST_KEY_UIApplicationSceneManifest_Generation = YES;
				INFOPLIST_KEY_UIApplicationSupportsIndirectInputEvents = YES;
				INFOPLIST_KEY_UILaunchScreen_Generation = YES;
				INFOPLIST_KEY_UISupportedInterfaceOrientations_iPad = "UIInterfaceOrientationPortrait UIInterfaceOrientationPortraitUpsideDown UIInterfaceOrientationLandscapeLeft UIInterfaceOrientationLandscapeRight";
				INFOPLIST_KEY_UISupportedInterfaceOrientations_iPhone = "UIInterfaceOrientationPortrait UIInterfaceOrientationLandscapeLeft UIInterfaceOrientationLandscapeRight";
				LD_RUNPATH_SEARCH_PATHS = (
					"$(inherited)",
					"@executable_path/Frameworks",
				);
				MARKETING_VERSION = 1.0;
				PRODUCT_BUNDLE_IDENTIFIER = GustavoGonzalez.Taplist;
				PRODUCT_NAME = "$(TARGET_NAME)";
				SWIFT_EMIT_LOC_STRINGS = YES;
				SWIFT_VERSION = 5.0;
				TARGETED_DEVICE_FAMILY = "1,2";
			};
			name = Debug;
		};
		E94D6E6E2E11EE9E00CD2658 /* Release */ = {
			isa = XCBuildConfiguration;
			buildSettings = {
				ASSETCATALOG_COMPILER_APPICON_NAME = AppIcon;
				ASSETCATALOG_COMPILER_GLOBAL_ACCENT_COLOR_NAME = AccentColor;
				CODE_SIGN_STYLE = Automatic;
				CURRENT_PROJECT_VERSION = 1;
				DEVELOPMENT_ASSET_PATHS = "\"Taplist/Preview Content\"";
				DEVELOPMENT_TEAM = 622ZCXDBLB;
				ENABLE_PREVIEWS = YES;
				GENERATE_INFOPLIST_FILE = YES;
				INFOPLIST_KEY_UIApplicationSceneManifest_Generation = YES;
				INFOPLIST_KEY_UIApplicationSupportsIndirectInputEvents = YES;
				INFOPLIST_KEY_UILaunchScreen_Generation = YES;
				INFOPLIST_KEY_UISupportedInterfaceOrientations_iPad = "UIInterfaceOrientationPortrait UIInterfaceOrientationPortraitUpsideDown UIInterfaceOrientationLandscapeLeft UIInterfaceOrientationLandscapeRight";
				INFOPLIST_KEY_UISupportedInterfaceOrientations_iPhone = "UIInterfaceOrientationPortrait UIInterfaceOrientationLandscapeLeft UIInterfaceOrientationLandscapeRight";
				LD_RUNPATH_SEARCH_PATHS = (
					"$(inherited)",
					"@executable_path/Frameworks",
				);
				MARKETING_VERSION = 1.0;
				PRODUCT_BUNDLE_IDENTIFIER = GustavoGonzalez.Taplist;
				PRODUCT_NAME = "$(TARGET_NAME)";
				SWIFT_EMIT_LOC_STRINGS = YES;
				SWIFT_VERSION = 5.0;
				TARGETED_DEVICE_FAMILY = "1,2";
			};
			name = Release;
		};
		E94D6E702E11EE9E00CD2658 /* Debug */ = {
			isa = XCBuildConfiguration;
			buildSettings = {
				BUNDLE_LOADER = "$(TEST_HOST)";
				CODE_SIGN_STYLE = Automatic;
				CURRENT_PROJECT_VERSION = 1;
				DEVELOPMENT_TEAM = 622ZCXDBLB;
				GENERATE_INFOPLIST_FILE = YES;
				IPHONEOS_DEPLOYMENT_TARGET = 18.2;
				MARKETING_VERSION = 1.0;
				PRODUCT_BUNDLE_IDENTIFIER = GustavoGonzalez.TaplistTests;
				PRODUCT_NAME = "$(TARGET_NAME)";
				SWIFT_EMIT_LOC_STRINGS = NO;
				SWIFT_VERSION = 5.0;
				TARGETED_DEVICE_FAMILY = "1,2";
				TEST_HOST = "$(BUILT_PRODUCTS_DIR)/Taplist.app/$(BUNDLE_EXECUTABLE_FOLDER_PATH)/Taplist";
			};
			name = Debug;
		};
		E94D6E712E11EE9E00CD2658 /* Release */ = {
			isa = XCBuildConfiguration;
			buildSettings = {
				BUNDLE_LOADER = "$(TEST_HOST)";
				CODE_SIGN_STYLE = Automatic;
				CURRENT_PROJECT_VERSION = 1;
				DEVELOPMENT_TEAM = 622ZCXDBLB;
				GENERATE_INFOPLIST_FILE = YES;
				IPHONEOS_DEPLOYMENT_TARGET = 18.2;
				MARKETING_VERSION = 1.0;
				PRODUCT_BUNDLE_IDENTIFIER = GustavoGonzalez.TaplistTests;
				PRODUCT_NAME = "$(TARGET_NAME)";
				SWIFT_EMIT_LOC_STRINGS = NO;
				SWIFT_VERSION = 5.0;
				TARGETED_DEVICE_FAMILY = "1,2";
				TEST_HOST = "$(BUILT_PRODUCTS_DIR)/Taplist.app/$(BUNDLE_EXECUTABLE_FOLDER_PATH)/Taplist";
			};
			name = Release;
		};
		E94D6E732E11EE9E00CD2658 /* Debug */ = {
			isa = XCBuildConfiguration;
			buildSettings = {
				CODE_SIGN_STYLE = Automatic;
				CURRENT_PROJECT_VERSION = 1;
				DEVELOPMENT_TEAM = 622ZCXDBLB;
				GENERATE_INFOPLIST_FILE = YES;
				MARKETING_VERSION = 1.0;
				PRODUCT_BUNDLE_IDENTIFIER = GustavoGonzalez.TaplistUITests;
				PRODUCT_NAME = "$(TARGET_NAME)";
				SWIFT_EMIT_LOC_STRINGS = NO;
				SWIFT_VERSION = 5.0;
				TARGETED_DEVICE_FAMILY = "1,2";
				TEST_TARGET_NAME = Taplist;
			};
			name = Debug;
		};
		E94D6E742E11EE9E00CD2658 /* Release */ = {
			isa = XCBuildConfiguration;
			buildSettings = {
				CODE_SIGN_STYLE = Automatic;
				CURRENT_PROJECT_VERSION = 1;
				DEVELOPMENT_TEAM = 622ZCXDBLB;
				GENERATE_INFOPLIST_FILE = YES;
				MARKETING_VERSION = 1.0;
				PRODUCT_BUNDLE_IDENTIFIER = GustavoGonzalez.TaplistUITests;
				PRODUCT_NAME = "$(TARGET_NAME)";
				SWIFT_EMIT_LOC_STRINGS = NO;
				SWIFT_VERSION = 5.0;
				TARGETED_DEVICE_FAMILY = "1,2";
				TEST_TARGET_NAME = Taplist;
			};
			name = Release;
		};
/* End XCBuildConfiguration section */

/* Begin XCConfigurationList section */
		E94D6E432E11EE9C00CD2658 /* Build configuration list for PBXProject "Taplist" */ = {
			isa = XCConfigurationList;
			buildConfigurations = (
				E94D6E6A2E11EE9E00CD2658 /* Debug */,
				E94D6E6B2E11EE9E00CD2658 /* Release */,
			);
			defaultConfigurationIsVisible = 0;
			defaultConfigurationName = Release;
		};
		E94D6E6C2E11EE9E00CD2658 /* Build configuration list for PBXNativeTarget "Taplist" */ = {
			isa = XCConfigurationList;
			buildConfigurations = (
				E94D6E6D2E11EE9E00CD2658 /* Debug */,
				E94D6E6E2E11EE9E00CD2658 /* Release */,
			);
			defaultConfigurationIsVisible = 0;
			defaultConfigurationName = Release;
		};
		E94D6E6F2E11EE9E00CD2658 /* Build configuration list for PBXNativeTarget "TaplistTests" */ = {
			isa = XCConfigurationList;
			buildConfigurations = (
				E94D6E702E11EE9E00CD2658 /* Debug */,
				E94D6E712E11EE9E00CD2658 /* Release */,
			);
			defaultConfigurationIsVisible = 0;
			defaultConfigurationName = Release;
		};
		E94D6E722E11EE9E00CD2658 /* Build configuration list for PBXNativeTarget "TaplistUITests" */ = {
			isa = XCConfigurationList;
			buildConfigurations = (
				E94D6E732E11EE9E00CD2658 /* Debug */,
				E94D6E742E11EE9E00CD2658 /* Release */,
			);
			defaultConfigurationIsVisible = 0;
			defaultConfigurationName = Release;
		};
/* End XCConfigurationList section */
	};
	rootObject = E94D6E402E11EE9C00CD2658 /* Project object */;
}
